
Microsoft Visual Studio Solution File, Format Version 12.00
# Visual Studio Version 17
VisualStudioVersion = 17.9.34728.123
MinimumVisualStudioVersion = 10.0.40219.1
Project("{FAE04EC0-301F-11D3-BF4B-00C04F79EFBC}") = "PROASM", "PROASM.csproj", "{4788BAD5-014B-45E9-ABF3-77569D8876DB}"
EndProject
Global
	GlobalSection(SolutionConfigurationPlatforms) = preSolution
		Debug|Any CPU = Debug|Any CPU
		Release|Any CPU = Release|Any CPU
	EndGlobalSection
	GlobalSection(ProjectConfigurationPlatforms) = postSolution
		{4788BAD5-014B-45E9-ABF3-77569D8876DB}.Debug|Any CPU.ActiveCfg = Debug|Any CPU
		{4788BAD5-014B-45E9-ABF3-77569D8876DB}.Debug|Any CPU.Build.0 = Debug|Any CPU
		{4788BAD5-014B-45E9-ABF3-77569D8876DB}.Release|Any CPU.ActiveCfg = Release|Any CPU
		{4788BAD5-014B-45E9-ABF3-77569D8876DB}.Release|Any CPU.Build.0 = Release|Any CPU
	EndGlobalSection
	GlobalSection(SolutionProperties) = preSolution
		HideSolutionNode = FALSE
	EndGlobalSection
	GlobalSection(ExtensibilityGlobals) = postSolution
		SolutionGuid = {9A510854-B161-4BD2-88FA-47BF1571A05A}
	EndGlobalSection
EndGlobal
